// !$*UTF8*$!
{
	archiveVersion = 1;
	classes = {
	};
	objectVersion = 55;
	objects = {

/* Begin PBXBuildFile section */
		32D402F35CE64EB7109476D2 /* Pods_HansungRentSystem_iOS.framework in Frameworks */ = {isa = PBXBuildFile; fileRef = 1EFB4AEE82BFB9D446F01DD8 /* Pods_HansungRentSystem_iOS.framework */; };
		90D0E3AC2876C78D008D7FEC /* Noti.swift in Sources */ = {isa = PBXBuildFile; fileRef = 90D0E3AB2876C78D008D7FEC /* Noti.swift */; };
		910E5DAA2862FCFC004D3141 /* AppDelegate.swift in Sources */ = {isa = PBXBuildFile; fileRef = 910E5DA92862FCFC004D3141 /* AppDelegate.swift */; };
		910E5DAC2862FCFC004D3141 /* SceneDelegate.swift in Sources */ = {isa = PBXBuildFile; fileRef = 910E5DAB2862FCFC004D3141 /* SceneDelegate.swift */; };
		910E5DAE2862FCFC004D3141 /* Login.swift in Sources */ = {isa = PBXBuildFile; fileRef = 910E5DAD2862FCFC004D3141 /* Login.swift */; };
		910E5DB12862FCFC004D3141 /* Main.storyboard in Resources */ = {isa = PBXBuildFile; fileRef = 910E5DAF2862FCFC004D3141 /* Main.storyboard */; };
		910E5DB32862FCFD004D3141 /* Assets.xcassets in Resources */ = {isa = PBXBuildFile; fileRef = 910E5DB22862FCFD004D3141 /* Assets.xcassets */; };
		910E5DB62862FCFD004D3141 /* LaunchScreen.storyboard in Resources */ = {isa = PBXBuildFile; fileRef = 910E5DB42862FCFD004D3141 /* LaunchScreen.storyboard */; };
		910E5DBE28630083004D3141 /* img.jpg in Resources */ = {isa = PBXBuildFile; fileRef = 910E5DBD28630083004D3141 /* img.jpg */; };
		910E5DCB2863354A004D3141 /* apple.jpg in Resources */ = {isa = PBXBuildFile; fileRef = 910E5DC728633549004D3141 /* apple.jpg */; };
		910E5DCC2863354A004D3141 /* Lg.jpg in Resources */ = {isa = PBXBuildFile; fileRef = 910E5DC828633549004D3141 /* Lg.jpg */; };
		910E5DCD2863354A004D3141 /* MSI.jpg in Resources */ = {isa = PBXBuildFile; fileRef = 910E5DC928633549004D3141 /* MSI.jpg */; };
		910E5DCE2863354A004D3141 /* samsung.jpg in Resources */ = {isa = PBXBuildFile; fileRef = 910E5DCA28633549004D3141 /* samsung.jpg */; };
		9139D75028697D880032590A /* Object.swift in Sources */ = {isa = PBXBuildFile; fileRef = 9139D74F28697D880032590A /* Object.swift */; };
		9139D752286981FC0032590A /* User.swift in Sources */ = {isa = PBXBuildFile; fileRef = 9139D751286981FC0032590A /* User.swift */; };
		9141594B286CAD480081F7E2 /* Log.swift in Sources */ = {isa = PBXBuildFile; fileRef = 9141594A286CAD480081F7E2 /* Log.swift */; };
		9141594D286CC0B10081F7E2 /* ExtendedDate.swift in Sources */ = {isa = PBXBuildFile; fileRef = 9141594C286CC0B10081F7E2 /* ExtendedDate.swift */; };
		9141761A28635EB700BD5DF2 /* hansung.jpg in Resources */ = {isa = PBXBuildFile; fileRef = 9141761928635EB700BD5DF2 /* hansung.jpg */; };
		9141761C28636C5D00BD5DF2 /* Main.swift in Sources */ = {isa = PBXBuildFile; fileRef = 9141761B28636C5D00BD5DF2 /* Main.swift */; };
		9141761E28636C8E00BD5DF2 /* Ask.swift in Sources */ = {isa = PBXBuildFile; fileRef = 9141761D28636C8E00BD5DF2 /* Ask.swift */; };
		9141762028636CBD00BD5DF2 /* List.swift in Sources */ = {isa = PBXBuildFile; fileRef = 9141761F28636CBD00BD5DF2 /* List.swift */; };
		9141762228636CE200BD5DF2 /* Detail.swift in Sources */ = {isa = PBXBuildFile; fileRef = 9141762128636CE200BD5DF2 /* Detail.swift */; };
		9141762428636CFD00BD5DF2 /* LogPage.swift in Sources */ = {isa = PBXBuildFile; fileRef = 9141762328636CFD00BD5DF2 /* LogPage.swift */; };
		9141762628636D1E00BD5DF2 /* Notice.swift in Sources */ = {isa = PBXBuildFile; fileRef = 9141762528636D1E00BD5DF2 /* Notice.swift */; };
		919E5865286ED0CC00E2E4E0 /* Background.swift in Sources */ = {isa = PBXBuildFile; fileRef = 919E5864286ED0CC00E2E4E0 /* Background.swift */; };
		B84DDF8428A3D0EE00482AED /* MSI_sword.jpg in Resources */ = {isa = PBXBuildFile; fileRef = B84DDF7F28A3D0EE00482AED /* MSI_sword.jpg */; };
		B84DDF8528A3D0EE00482AED /* macbookair.jpg in Resources */ = {isa = PBXBuildFile; fileRef = B84DDF8028A3D0EE00482AED /* macbookair.jpg */; };
		B84DDF8628A3D0EE00482AED /* LG_gram.jpg in Resources */ = {isa = PBXBuildFile; fileRef = B84DDF8128A3D0EE00482AED /* LG_gram.jpg */; };
		B84DDF8728A3D0EE00482AED /* odyssey.jpg in Resources */ = {isa = PBXBuildFile; fileRef = B84DDF8228A3D0EE00482AED /* odyssey.jpg */; };
		B84DDF8828A3D0EE00482AED /* macbookpro.png in Resources */ = {isa = PBXBuildFile; fileRef = B84DDF8328A3D0EE00482AED /* macbookpro.png */; };
/* End PBXBuildFile section */

/* Begin PBXFileReference section */
		0798BF50D79B28A7D0AF7E2C /* Pods-HansungRentSystem_iOS.release.xcconfig */ = {isa = PBXFileReference; includeInIndex = 1; lastKnownFileType = text.xcconfig; name = "Pods-HansungRentSystem_iOS.release.xcconfig"; path = "Target Support Files/Pods-HansungRentSystem_iOS/Pods-HansungRentSystem_iOS.release.xcconfig"; sourceTree = "<group>"; };
		1EFB4AEE82BFB9D446F01DD8 /* Pods_HansungRentSystem_iOS.framework */ = {isa = PBXFileReference; explicitFileType = wrapper.framework; includeInIndex = 0; path = Pods_HansungRentSystem_iOS.framework; sourceTree = BUILT_PRODUCTS_DIR; };
		7AC20707C47E7A59E95FD066 /* Pods-HansungRentSystem_iOS.debug.xcconfig */ = {isa = PBXFileReference; includeInIndex = 1; lastKnownFileType = text.xcconfig; name = "Pods-HansungRentSystem_iOS.debug.xcconfig"; path = "Target Support Files/Pods-HansungRentSystem_iOS/Pods-HansungRentSystem_iOS.debug.xcconfig"; sourceTree = "<group>"; };
		90D0E3AB2876C78D008D7FEC /* Noti.swift */ = {isa = PBXFileReference; lastKnownFileType = sourcecode.swift; path = Noti.swift; sourceTree = "<group>"; };
		910E5DA62862FCFC004D3141 /* HansungRentSystem_iOS.app */ = {isa = PBXFileReference; explicitFileType = wrapper.application; includeInIndex = 0; path = HansungRentSystem_iOS.app; sourceTree = BUILT_PRODUCTS_DIR; };
		910E5DA92862FCFC004D3141 /* AppDelegate.swift */ = {isa = PBXFileReference; lastKnownFileType = sourcecode.swift; path = AppDelegate.swift; sourceTree = "<group>"; };
		910E5DAB2862FCFC004D3141 /* SceneDelegate.swift */ = {isa = PBXFileReference; lastKnownFileType = sourcecode.swift; path = SceneDelegate.swift; sourceTree = "<group>"; };
		910E5DAD2862FCFC004D3141 /* Login.swift */ = {isa = PBXFileReference; lastKnownFileType = sourcecode.swift; path = Login.swift; sourceTree = "<group>"; };
		910E5DB02862FCFC004D3141 /* Base */ = {isa = PBXFileReference; lastKnownFileType = file.storyboard; name = Base; path = Base.lproj/Main.storyboard; sourceTree = "<group>"; };
		910E5DB22862FCFD004D3141 /* Assets.xcassets */ = {isa = PBXFileReference; lastKnownFileType = folder.assetcatalog; path = Assets.xcassets; sourceTree = "<group>"; };
		910E5DB52862FCFD004D3141 /* Base */ = {isa = PBXFileReference; lastKnownFileType = file.storyboard; name = Base; path = Base.lproj/LaunchScreen.storyboard; sourceTree = "<group>"; };
		910E5DB72862FCFD004D3141 /* Info.plist */ = {isa = PBXFileReference; lastKnownFileType = text.plist.xml; path = Info.plist; sourceTree = "<group>"; };
		910E5DBD28630083004D3141 /* img.jpg */ = {isa = PBXFileReference; lastKnownFileType = image.jpeg; path = img.jpg; sourceTree = "<group>"; };
		910E5DC728633549004D3141 /* apple.jpg */ = {isa = PBXFileReference; lastKnownFileType = image.jpeg; path = apple.jpg; sourceTree = "<group>"; };
		910E5DC828633549004D3141 /* Lg.jpg */ = {isa = PBXFileReference; lastKnownFileType = image.jpeg; path = Lg.jpg; sourceTree = "<group>"; };
		910E5DC928633549004D3141 /* MSI.jpg */ = {isa = PBXFileReference; lastKnownFileType = image.jpeg; path = MSI.jpg; sourceTree = "<group>"; };
		910E5DCA28633549004D3141 /* samsung.jpg */ = {isa = PBXFileReference; lastKnownFileType = image.jpeg; path = samsung.jpg; sourceTree = "<group>"; };
		9139D74F28697D880032590A /* Object.swift */ = {isa = PBXFileReference; lastKnownFileType = sourcecode.swift; path = Object.swift; sourceTree = "<group>"; };
		9139D751286981FC0032590A /* User.swift */ = {isa = PBXFileReference; lastKnownFileType = sourcecode.swift; path = User.swift; sourceTree = "<group>"; };
		9141594A286CAD480081F7E2 /* Log.swift */ = {isa = PBXFileReference; lastKnownFileType = sourcecode.swift; path = Log.swift; sourceTree = "<group>"; };
		9141594C286CC0B10081F7E2 /* ExtendedDate.swift */ = {isa = PBXFileReference; lastKnownFileType = sourcecode.swift; path = ExtendedDate.swift; sourceTree = "<group>"; };
		9141761928635EB700BD5DF2 /* hansung.jpg */ = {isa = PBXFileReference; lastKnownFileType = image.jpeg; path = hansung.jpg; sourceTree = "<group>"; };
		9141761B28636C5D00BD5DF2 /* Main.swift */ = {isa = PBXFileReference; lastKnownFileType = sourcecode.swift; path = Main.swift; sourceTree = "<group>"; };
		9141761D28636C8E00BD5DF2 /* Ask.swift */ = {isa = PBXFileReference; lastKnownFileType = sourcecode.swift; path = Ask.swift; sourceTree = "<group>"; };
		9141761F28636CBD00BD5DF2 /* List.swift */ = {isa = PBXFileReference; lastKnownFileType = sourcecode.swift; path = List.swift; sourceTree = "<group>"; };
		9141762128636CE200BD5DF2 /* Detail.swift */ = {isa = PBXFileReference; lastKnownFileType = sourcecode.swift; path = Detail.swift; sourceTree = "<group>"; };
		9141762328636CFD00BD5DF2 /* LogPage.swift */ = {isa = PBXFileReference; lastKnownFileType = sourcecode.swift; path = LogPage.swift; sourceTree = "<group>"; };
		9141762528636D1E00BD5DF2 /* Notice.swift */ = {isa = PBXFileReference; lastKnownFileType = sourcecode.swift; path = Notice.swift; sourceTree = "<group>"; };
		919E5864286ED0CC00E2E4E0 /* Background.swift */ = {isa = PBXFileReference; lastKnownFileType = sourcecode.swift; path = Background.swift; sourceTree = "<group>"; };
		B84DDF7F28A3D0EE00482AED /* MSI_sword.jpg */ = {isa = PBXFileReference; lastKnownFileType = image.jpeg; name = MSI_sword.jpg; path = ../../../MinSuIsHappy/capstone/capstone/src/main/webapp/resources/img/MSI_sword.jpg; sourceTree = "<group>"; };
		B84DDF8028A3D0EE00482AED /* macbookair.jpg */ = {isa = PBXFileReference; lastKnownFileType = image.jpeg; name = macbookair.jpg; path = ../../../MinSuIsHappy/capstone/capstone/src/main/webapp/resources/img/macbookair.jpg; sourceTree = "<group>"; };
		B84DDF8128A3D0EE00482AED /* LG_gram.jpg */ = {isa = PBXFileReference; lastKnownFileType = image.jpeg; name = LG_gram.jpg; path = ../../../MinSuIsHappy/capstone/capstone/src/main/webapp/resources/img/LG_gram.jpg; sourceTree = "<group>"; };
		B84DDF8228A3D0EE00482AED /* odyssey.jpg */ = {isa = PBXFileReference; lastKnownFileType = image.jpeg; name = odyssey.jpg; path = ../../../MinSuIsHappy/capstone/capstone/src/main/webapp/resources/img/odyssey.jpg; sourceTree = "<group>"; };
		B84DDF8328A3D0EE00482AED /* macbookpro.png */ = {isa = PBXFileReference; lastKnownFileType = image.png; name = macbookpro.png; path = ../../../MinSuIsHappy/capstone/capstone/src/main/webapp/resources/img/macbookpro.png; sourceTree = "<group>"; };
/* End PBXFileReference section */

/* Begin PBXFrameworksBuildPhase section */
		910E5DA32862FCFC004D3141 /* Frameworks */ = {
			isa = PBXFrameworksBuildPhase;
			buildActionMask = 2147483647;
			files = (
				32D402F35CE64EB7109476D2 /* Pods_HansungRentSystem_iOS.framework in Frameworks */,
			);
			runOnlyForDeploymentPostprocessing = 0;
		};
/* End PBXFrameworksBuildPhase section */

/* Begin PBXGroup section */
		910E5D9D2862FCFC004D3141 = {
			isa = PBXGroup;
			children = (
				910E5DA82862FCFC004D3141 /* HansungRentSystem_iOS */,
				910E5DA72862FCFC004D3141 /* Products */,
				B70C1A9168B7E3610B391474 /* Pods */,
				E8710E7AF59D4738493BBAF7 /* Frameworks */,
			);
			sourceTree = "<group>";
		};
		910E5DA72862FCFC004D3141 /* Products */ = {
			isa = PBXGroup;
			children = (
				910E5DA62862FCFC004D3141 /* HansungRentSystem_iOS.app */,
			);
			name = Products;
			sourceTree = "<group>";
		};
		910E5DA82862FCFC004D3141 /* HansungRentSystem_iOS */ = {
			isa = PBXGroup;
			children = (
				B84DDF8128A3D0EE00482AED /* LG_gram.jpg */,
				B84DDF8028A3D0EE00482AED /* macbookair.jpg */,
				B84DDF8328A3D0EE00482AED /* macbookpro.png */,
				B84DDF7F28A3D0EE00482AED /* MSI_sword.jpg */,
				B84DDF8228A3D0EE00482AED /* odyssey.jpg */,
				910E5DA92862FCFC004D3141 /* AppDelegate.swift */,
				910E5DAB2862FCFC004D3141 /* SceneDelegate.swift */,
				919E5864286ED0CC00E2E4E0 /* Background.swift */,
				910E5DAD2862FCFC004D3141 /* Login.swift */,
				9141761B28636C5D00BD5DF2 /* Main.swift */,
				9141761D28636C8E00BD5DF2 /* Ask.swift */,
				9141761F28636CBD00BD5DF2 /* List.swift */,
				9141762128636CE200BD5DF2 /* Detail.swift */,
				9141762328636CFD00BD5DF2 /* LogPage.swift */,
				9141762528636D1E00BD5DF2 /* Notice.swift */,
				9139D74F28697D880032590A /* Object.swift */,
				9139D751286981FC0032590A /* User.swift */,
				9141594A286CAD480081F7E2 /* Log.swift */,
				90D0E3AB2876C78D008D7FEC /* Noti.swift */,
				9141594C286CC0B10081F7E2 /* ExtendedDate.swift */,
				910E5DAF2862FCFC004D3141 /* Main.storyboard */,
				910E5DB42862FCFD004D3141 /* LaunchScreen.storyboard */,
				910E5DB22862FCFD004D3141 /* Assets.xcassets */,
				910E5DB72862FCFD004D3141 /* Info.plist */,
				910E5DBD28630083004D3141 /* img.jpg */,
				910E5DC728633549004D3141 /* apple.jpg */,
				910E5DC828633549004D3141 /* Lg.jpg */,
				910E5DC928633549004D3141 /* MSI.jpg */,
				910E5DCA28633549004D3141 /* samsung.jpg */,
				9141761928635EB700BD5DF2 /* hansung.jpg */,
			);
			path = HansungRentSystem_iOS;
			sourceTree = "<group>";
		};
		B70C1A9168B7E3610B391474 /* Pods */ = {
			isa = PBXGroup;
			children = (
				7AC20707C47E7A59E95FD066 /* Pods-HansungRentSystem_iOS.debug.xcconfig */,
				0798BF50D79B28A7D0AF7E2C /* Pods-HansungRentSystem_iOS.release.xcconfig */,
			);
			path = Pods;
			sourceTree = "<group>";
		};
		E8710E7AF59D4738493BBAF7 /* Frameworks */ = {
			isa = PBXGroup;
			children = (
				1EFB4AEE82BFB9D446F01DD8 /* Pods_HansungRentSystem_iOS.framework */,
			);
			name = Frameworks;
			sourceTree = "<group>";
		};
/* End PBXGroup section */

/* Begin PBXNativeTarget section */
		910E5DA52862FCFC004D3141 /* HansungRentSystem_iOS */ = {
			isa = PBXNativeTarget;
			buildConfigurationList = 910E5DBA2862FCFD004D3141 /* Build configuration list for PBXNativeTarget "HansungRentSystem_iOS" */;
			buildPhases = (
				91BB8A85CA1EF4535662A933 /* [CP] Check Pods Manifest.lock */,
				910E5DA22862FCFC004D3141 /* Sources */,
				910E5DA32862FCFC004D3141 /* Frameworks */,
				910E5DA42862FCFC004D3141 /* Resources */,
				73FFA6B2E9F179BD540E1085 /* [CP] Embed Pods Frameworks */,
			);
			buildRules = (
			);
			dependencies = (
			);
			name = HansungRentSystem_iOS;
			productName = HansungRentSystem_iOS;
			productReference = 910E5DA62862FCFC004D3141 /* HansungRentSystem_iOS.app */;
			productType = "com.apple.product-type.application";
		};
/* End PBXNativeTarget section */

/* Begin PBXProject section */
		910E5D9E2862FCFC004D3141 /* Project object */ = {
			isa = PBXProject;
			attributes = {
				BuildIndependentTargetsInParallel = 1;
				LastSwiftUpdateCheck = 1340;
				LastUpgradeCheck = 1340;
				TargetAttributes = {
					910E5DA52862FCFC004D3141 = {
						CreatedOnToolsVersion = 13.4.1;
					};
				};
			};
			buildConfigurationList = 910E5DA12862FCFC004D3141 /* Build configuration list for PBXProject "HansungRentSystem_iOS" */;
			compatibilityVersion = "Xcode 13.0";
			developmentRegion = en;
			hasScannedForEncodings = 0;
			knownRegions = (
				en,
				Base,
			);
			mainGroup = 910E5D9D2862FCFC004D3141;
			productRefGroup = 910E5DA72862FCFC004D3141 /* Products */;
			projectDirPath = "";
			projectRoot = "";
			targets = (
				910E5DA52862FCFC004D3141 /* HansungRentSystem_iOS */,
			);
		};
/* End PBXProject section */

/* Begin PBXResourcesBuildPhase section */
		910E5DA42862FCFC004D3141 /* Resources */ = {
			isa = PBXResourcesBuildPhase;
			buildActionMask = 2147483647;
			files = (
				B84DDF8828A3D0EE00482AED /* macbookpro.png in Resources */,
				B84DDF8728A3D0EE00482AED /* odyssey.jpg in Resources */,
				910E5DCE2863354A004D3141 /* samsung.jpg in Resources */,
				910E5DCC2863354A004D3141 /* Lg.jpg in Resources */,
				9141761A28635EB700BD5DF2 /* hansung.jpg in Resources */,
				B84DDF8628A3D0EE00482AED /* LG_gram.jpg in Resources */,
				B84DDF8428A3D0EE00482AED /* MSI_sword.jpg in Resources */,
				910E5DB62862FCFD004D3141 /* LaunchScreen.storyboard in Resources */,
				910E5DB32862FCFD004D3141 /* Assets.xcassets in Resources */,
				910E5DCD2863354A004D3141 /* MSI.jpg in Resources */,
				B84DDF8528A3D0EE00482AED /* macbookair.jpg in Resources */,
				910E5DB12862FCFC004D3141 /* Main.storyboard in Resources */,
				910E5DBE28630083004D3141 /* img.jpg in Resources */,
				910E5DCB2863354A004D3141 /* apple.jpg in Resources */,
			);
			runOnlyForDeploymentPostprocessing = 0;
		};
/* End PBXResourcesBuildPhase section */

/* Begin PBXShellScriptBuildPhase section */
		73FFA6B2E9F179BD540E1085 /* [CP] Embed Pods Frameworks */ = {
			isa = PBXShellScriptBuildPhase;
			buildActionMask = 2147483647;
			files = (
			);
			inputFileListPaths = (
				"${PODS_ROOT}/Target Support Files/Pods-HansungRentSystem_iOS/Pods-HansungRentSystem_iOS-frameworks-${CONFIGURATION}-input-files.xcfilelist",
			);
			name = "[CP] Embed Pods Frameworks";
			outputFileListPaths = (
				"${PODS_ROOT}/Target Support Files/Pods-HansungRentSystem_iOS/Pods-HansungRentSystem_iOS-frameworks-${CONFIGURATION}-output-files.xcfilelist",
			);
			runOnlyForDeploymentPostprocessing = 0;
			shellPath = /bin/sh;
			shellScript = "\"${PODS_ROOT}/Target Support Files/Pods-HansungRentSystem_iOS/Pods-HansungRentSystem_iOS-frameworks.sh\"\n";
			showEnvVarsInLog = 0;
		};
		91BB8A85CA1EF4535662A933 /* [CP] Check Pods Manifest.lock */ = {
			isa = PBXShellScriptBuildPhase;
			buildActionMask = 2147483647;
			files = (
			);
			inputFileListPaths = (
			);
			inputPaths = (
				"${PODS_PODFILE_DIR_PATH}/Podfile.lock",
				"${PODS_ROOT}/Manifest.lock",
			);
			name = "[CP] Check Pods Manifest.lock";
			outputFileListPaths = (
			);
			outputPaths = (
				"$(DERIVED_FILE_DIR)/Pods-HansungRentSystem_iOS-checkManifestLockResult.txt",
			);
			runOnlyForDeploymentPostprocessing = 0;
			shellPath = /bin/sh;
			shellScript = "diff \"${PODS_PODFILE_DIR_PATH}/Podfile.lock\" \"${PODS_ROOT}/Manifest.lock\" > /dev/null\nif [ $? != 0 ] ; then\n    # print error to STDERR\n    echo \"error: The sandbox is not in sync with the Podfile.lock. Run 'pod install' or update your CocoaPods installation.\" >&2\n    exit 1\nfi\n# This output is used by Xcode 'outputs' to avoid re-running this script phase.\necho \"SUCCESS\" > \"${SCRIPT_OUTPUT_FILE_0}\"\n";
			showEnvVarsInLog = 0;
		};
/* End PBXShellScriptBuildPhase section */

/* Begin PBXSourcesBuildPhase section */
		910E5DA22862FCFC004D3141 /* Sources */ = {
			isa = PBXSourcesBuildPhase;
			buildActionMask = 2147483647;
			files = (
				9139D75028697D880032590A /* Object.swift in Sources */,
				919E5865286ED0CC00E2E4E0 /* Background.swift in Sources */,
				910E5DAE2862FCFC004D3141 /* Login.swift in Sources */,
				9141594B286CAD480081F7E2 /* Log.swift in Sources */,
				9141762228636CE200BD5DF2 /* Detail.swift in Sources */,
				90D0E3AC2876C78D008D7FEC /* Noti.swift in Sources */,
				9141762428636CFD00BD5DF2 /* LogPage.swift in Sources */,
				9141762628636D1E00BD5DF2 /* Notice.swift in Sources */,
				9141594D286CC0B10081F7E2 /* ExtendedDate.swift in Sources */,
				910E5DAA2862FCFC004D3141 /* AppDelegate.swift in Sources */,
				9141761E28636C8E00BD5DF2 /* Ask.swift in Sources */,
				9141761C28636C5D00BD5DF2 /* Main.swift in Sources */,
				910E5DAC2862FCFC004D3141 /* SceneDelegate.swift in Sources */,
				9141762028636CBD00BD5DF2 /* List.swift in Sources */,
				9139D752286981FC0032590A /* User.swift in Sources */,
			);
			runOnlyForDeploymentPostprocessing = 0;
		};
/* End PBXSourcesBuildPhase section */

/* Begin PBXVariantGroup section */
		910E5DAF2862FCFC004D3141 /* Main.storyboard */ = {
			isa = PBXVariantGroup;
			children = (
				910E5DB02862FCFC004D3141 /* Base */,
			);
			name = Main.storyboard;
			sourceTree = "<group>";
		};
		910E5DB42862FCFD004D3141 /* LaunchScreen.storyboard */ = {
			isa = PBXVariantGroup;
			children = (
				910E5DB52862FCFD004D3141 /* Base */,
			);
			name = LaunchScreen.storyboard;
			sourceTree = "<group>";
		};
/* End PBXVariantGroup section */

/* Begin XCBuildConfiguration section */
		910E5DB82862FCFD004D3141 /* Debug */ = {
			isa = XCBuildConfiguration;
			buildSettings = {
				ALWAYS_SEARCH_USER_PATHS = NO;
				CLANG_ANALYZER_NONNULL = YES;
				CLANG_ANALYZER_NUMBER_OBJECT_CONVERSION = YES_AGGRESSIVE;
				CLANG_CXX_LANGUAGE_STANDARD = "gnu++17";
				CLANG_ENABLE_MODULES = YES;
				CLANG_ENABLE_OBJC_ARC = YES;
				CLANG_ENABLE_OBJC_WEAK = YES;
				CLANG_WARN_BLOCK_CAPTURE_AUTORELEASING = YES;
				CLANG_WARN_BOOL_CONVERSION = YES;
				CLANG_WARN_COMMA = YES;
				CLANG_WARN_CONSTANT_CONVERSION = YES;
				CLANG_WARN_DEPRECATED_OBJC_IMPLEMENTATIONS = YES;
				CLANG_WARN_DIRECT_OBJC_ISA_USAGE = YES_ERROR;
				CLANG_WARN_DOCUMENTATION_COMMENTS = YES;
				CLANG_WARN_EMPTY_BODY = YES;
				CLANG_WARN_ENUM_CONVERSION = YES;
				CLANG_WARN_INFINITE_RECURSION = YES;
				CLANG_WARN_INT_CONVERSION = YES;
				CLANG_WARN_NON_LITERAL_NULL_CONVERSION = YES;
				CLANG_WARN_OBJC_IMPLICIT_RETAIN_SELF = YES;
				CLANG_WARN_OBJC_LITERAL_CONVERSION = YES;
				CLANG_WARN_OBJC_ROOT_CLASS = YES_ERROR;
				CLANG_WARN_QUOTED_INCLUDE_IN_FRAMEWORK_HEADER = YES;
				CLANG_WARN_RANGE_LOOP_ANALYSIS = YES;
				CLANG_WARN_STRICT_PROTOTYPES = YES;
				CLANG_WARN_SUSPICIOUS_MOVE = YES;
				CLANG_WARN_UNGUARDED_AVAILABILITY = YES_AGGRESSIVE;
				CLANG_WARN_UNREACHABLE_CODE = YES;
				CLANG_WARN__DUPLICATE_METHOD_MATCH = YES;
				COPY_PHASE_STRIP = NO;
				DEBUG_INFORMATION_FORMAT = dwarf;
				ENABLE_STRICT_OBJC_MSGSEND = YES;
				ENABLE_TESTABILITY = YES;
				GCC_C_LANGUAGE_STANDARD = gnu11;
				GCC_DYNAMIC_NO_PIC = NO;
				GCC_NO_COMMON_BLOCKS = YES;
				GCC_OPTIMIZATION_LEVEL = 0;
				GCC_PREPROCESSOR_DEFINITIONS = (
					"DEBUG=1",
					"$(inherited)",
				);
				GCC_WARN_64_TO_32_BIT_CONVERSION = YES;
				GCC_WARN_ABOUT_RETURN_TYPE = YES_ERROR;
				GCC_WARN_UNDECLARED_SELECTOR = YES;
				GCC_WARN_UNINITIALIZED_AUTOS = YES_AGGRESSIVE;
				GCC_WARN_UNUSED_FUNCTION = YES;
				GCC_WARN_UNUSED_VARIABLE = YES;
				IPHONEOS_DEPLOYMENT_TARGET = 15.5;
				MTL_ENABLE_DEBUG_INFO = INCLUDE_SOURCE;
				MTL_FAST_MATH = YES;
				ONLY_ACTIVE_ARCH = YES;
				SDKROOT = iphoneos;
				SWIFT_ACTIVE_COMPILATION_CONDITIONS = DEBUG;
				SWIFT_OPTIMIZATION_LEVEL = "-Onone";
			};
			name = Debug;
		};
		910E5DB92862FCFD004D3141 /* Release */ = {
			isa = XCBuildConfiguration;
			buildSettings = {
				ALWAYS_SEARCH_USER_PATHS = NO;
				CLANG_ANALYZER_NONNULL = YES;
				CLANG_ANALYZER_NUMBER_OBJECT_CONVERSION = YES_AGGRESSIVE;
				CLANG_CXX_LANGUAGE_STANDARD = "gnu++17";
				CLANG_ENABLE_MODULES = YES;
				CLANG_ENABLE_OBJC_ARC = YES;
				CLANG_ENABLE_OBJC_WEAK = YES;
				CLANG_WARN_BLOCK_CAPTURE_AUTORELEASING = YES;
				CLANG_WARN_BOOL_CONVERSION = YES;
				CLANG_WARN_COMMA = YES;
				CLANG_WARN_CONSTANT_CONVERSION = YES;
				CLANG_WARN_DEPRECATED_OBJC_IMPLEMENTATIONS = YES;
				CLANG_WARN_DIRECT_OBJC_ISA_USAGE = YES_ERROR;
				CLANG_WARN_DOCUMENTATION_COMMENTS = YES;
				CLANG_WARN_EMPTY_BODY = YES;
				CLANG_WARN_ENUM_CONVERSION = YES;
				CLANG_WARN_INFINITE_RECURSION = YES;
				CLANG_WARN_INT_CONVERSION = YES;
				CLANG_WARN_NON_LITERAL_NULL_CONVERSION = YES;
				CLANG_WARN_OBJC_IMPLICIT_RETAIN_SELF = YES;
				CLANG_WARN_OBJC_LITERAL_CONVERSION = YES;
				CLANG_WARN_OBJC_ROOT_CLASS = YES_ERROR;
				CLANG_WARN_QUOTED_INCLUDE_IN_FRAMEWORK_HEADER = YES;
				CLANG_WARN_RANGE_LOOP_ANALYSIS = YES;
				CLANG_WARN_STRICT_PROTOTYPES = YES;
				CLANG_WARN_SUSPICIOUS_MOVE = YES;
				CLANG_WARN_UNGUARDED_AVAILABILITY = YES_AGGRESSIVE;
				CLANG_WARN_UNREACHABLE_CODE = YES;
				CLANG_WARN__DUPLICATE_METHOD_MATCH = YES;
				COPY_PHASE_STRIP = NO;
				DEBUG_INFORMATION_FORMAT = "dwarf-with-dsym";
				ENABLE_NS_ASSERTIONS = NO;
				ENABLE_STRICT_OBJC_MSGSEND = YES;
				GCC_C_LANGUAGE_STANDARD = gnu11;
				GCC_NO_COMMON_BLOCKS = YES;
				GCC_WARN_64_TO_32_BIT_CONVERSION = YES;
				GCC_WARN_ABOUT_RETURN_TYPE = YES_ERROR;
				GCC_WARN_UNDECLARED_SELECTOR = YES;
				GCC_WARN_UNINITIALIZED_AUTOS = YES_AGGRESSIVE;
				GCC_WARN_UNUSED_FUNCTION = YES;
				GCC_WARN_UNUSED_VARIABLE = YES;
				IPHONEOS_DEPLOYMENT_TARGET = 15.5;
				MTL_ENABLE_DEBUG_INFO = NO;
				MTL_FAST_MATH = YES;
				SDKROOT = iphoneos;
				SWIFT_COMPILATION_MODE = wholemodule;
				SWIFT_OPTIMIZATION_LEVEL = "-O";
				VALIDATE_PRODUCT = YES;
			};
			name = Release;
		};
		910E5DBB2862FCFD004D3141 /* Debug */ = {
			isa = XCBuildConfiguration;
			baseConfigurationReference = 7AC20707C47E7A59E95FD066 /* Pods-HansungRentSystem_iOS.debug.xcconfig */;
			buildSettings = {
				ASSETCATALOG_COMPILER_APPICON_NAME = AppIcon;
				ASSETCATALOG_COMPILER_GLOBAL_ACCENT_COLOR_NAME = AccentColor;
				CODE_SIGN_STYLE = Automatic;
				CURRENT_PROJECT_VERSION = 1;
				DEVELOPMENT_TEAM = 2AGX69S82W;
				GENERATE_INFOPLIST_FILE = YES;
				INFOPLIST_FILE = HansungRentSystem_iOS/Info.plist;
				INFOPLIST_KEY_UIApplicationSupportsIndirectInputEvents = YES;
				INFOPLIST_KEY_UILaunchStoryboardName = LaunchScreen;
				INFOPLIST_KEY_UIMainStoryboardFile = Main;
				INFOPLIST_KEY_UISupportedInterfaceOrientations_iPad = "UIInterfaceOrientationPortrait UIInterfaceOrientationPortraitUpsideDown UIInterfaceOrientationLandscapeLeft UIInterfaceOrientationLandscapeRight";
				INFOPLIST_KEY_UISupportedInterfaceOrientations_iPhone = "UIInterfaceOrientationPortrait UIInterfaceOrientationLandscapeLeft UIInterfaceOrientationLandscapeRight";
				LD_RUNPATH_SEARCH_PATHS = (
					"$(inherited)",
					"@executable_path/Frameworks",
				);
				MARKETING_VERSION = 1.0;
				PRODUCT_BUNDLE_IDENTIFIER = "Hwang.HansungRentSystem-iOS";
				PRODUCT_NAME = "$(TARGET_NAME)";
				SWIFT_EMIT_LOC_STRINGS = YES;
				SWIFT_VERSION = 5.0;
				TARGETED_DEVICE_FAMILY = "1,2";
			};
			name = Debug;
		};
		910E5DBC2862FCFD004D3141 /* Release */ = {
			isa = XCBuildConfiguration;
			baseConfigurationReference = 0798BF50D79B28A7D0AF7E2C /* Pods-HansungRentSystem_iOS.release.xcconfig */;
			buildSettings = {
				ASSETCATALOG_COMPILER_APPICON_NAME = AppIcon;
				ASSETCATALOG_COMPILER_GLOBAL_ACCENT_COLOR_NAME = AccentColor;
				CODE_SIGN_STYLE = Automatic;
				CURRENT_PROJECT_VERSION = 1;
				DEVELOPMENT_TEAM = 2AGX69S82W;
				GENERATE_INFOPLIST_FILE = YES;
				INFOPLIST_FILE = HansungRentSystem_iOS/Info.plist;
				INFOPLIST_KEY_UIApplicationSupportsIndirectInputEvents = YES;
				INFOPLIST_KEY_UILaunchStoryboardName = LaunchScreen;
				INFOPLIST_KEY_UIMainStoryboardFile = Main;
				INFOPLIST_KEY_UISupportedInterfaceOrientations_iPad = "UIInterfaceOrientationPortrait UIInterfaceOrientationPortraitUpsideDown UIInterfaceOrientationLandscapeLeft UIInterfaceOrientationLandscapeRight";
				INFOPLIST_KEY_UISupportedInterfaceOrientations_iPhone = "UIInterfaceOrientationPortrait UIInterfaceOrientationLandscapeLeft UIInterfaceOrientationLandscapeRight";
				LD_RUNPATH_SEARCH_PATHS = (
					"$(inherited)",
					"@executable_path/Frameworks",
				);
				MARKETING_VERSION = 1.0;
				PRODUCT_BUNDLE_IDENTIFIER = "Hwang.HansungRentSystem-iOS";
				PRODUCT_NAME = "$(TARGET_NAME)";
				SWIFT_EMIT_LOC_STRINGS = YES;
				SWIFT_VERSION = 5.0;
				TARGETED_DEVICE_FAMILY = "1,2";
			};
			name = Release;
		};
/* End XCBuildConfiguration section */

/* Begin XCConfigurationList section */
		910E5DA12862FCFC004D3141 /* Build configuration list for PBXProject "HansungRentSystem_iOS" */ = {
			isa = XCConfigurationList;
			buildConfigurations = (
				910E5DB82862FCFD004D3141 /* Debug */,
				910E5DB92862FCFD004D3141 /* Release */,
			);
			defaultConfigurationIsVisible = 0;
			defaultConfigurationName = Release;
		};
		910E5DBA2862FCFD004D3141 /* Build configuration list for PBXNativeTarget "HansungRentSystem_iOS" */ = {
			isa = XCConfigurationList;
			buildConfigurations = (
				910E5DBB2862FCFD004D3141 /* Debug */,
				910E5DBC2862FCFD004D3141 /* Release */,
			);
			defaultConfigurationIsVisible = 0;
			defaultConfigurationName = Release;
		};
/* End XCConfigurationList section */
	};
	rootObject = 910E5D9E2862FCFC004D3141 /* Project object */;
}
